
Microsoft Visual Studio Solution File, Format Version 12.00
# Visual Studio Version 16
VisualStudioVersion = 16.0.30114.105
MinimumVisualStudioVersion = 10.0.40219.1
Project("{FAE04EC0-301F-11D3-BF4B-00C04F79EFBC}") = "WpfApp1", "WpfApp1.csproj", "{996E1876-F635-419C-B43C-3DAD60160857}"
EndProject
Global
	GlobalSection(SolutionConfigurationPlatforms) = preSolution
		Debug|Any CPU = Debug|Any CPU
		Release|Any CPU = Release|Any CPU
	EndGlobalSection
	GlobalSection(ProjectConfigurationPlatforms) = postSolution
		{996E1876-F635-419C-B43C-3DAD60160857}.Debug|Any CPU.ActiveCfg = Debug|Any CPU
		{996E1876-F635-419C-B43C-3DAD60160857}.Debug|Any CPU.Build.0 = Debug|Any CPU
		{996E1876-F635-419C-B43C-3DAD60160857}.Release|Any CPU.ActiveCfg = Release|Any CPU
		{996E1876-F635-419C-B43C-3DAD60160857}.Release|Any CPU.Build.0 = Release|Any CPU
	EndGlobalSection
	GlobalSection(SolutionProperties) = preSolution
		HideSolutionNode = FALSE
	EndGlobalSection
	GlobalSection(ExtensibilityGlobals) = postSolution
		SolutionGuid = {91AAF8BC-5EE7-4585-8918-A272AC1284C5}
	EndGlobalSection
EndGlobal
